
Microsoft Visual Studio Solution File, Format Version 12.00
# Visual Studio Version 17
VisualStudioVersion = 17.4.33213.308
MinimumVisualStudioVersion = 10.0.40219.1
Project("{FAE04EC0-301F-11D3-BF4B-00C04F79EFBC}") = "robert_baxter_inventory_system", "robert_baxter_inventory_system\robert_baxter_inventory_system.csproj", "{50FC4BE5-BDAD-4763-ADE1-37150BD191AA}"
EndProject
Global
	GlobalSection(SolutionConfigurationPlatforms) = preSolution
		Debug|Any CPU = Debug|Any CPU
		Release|Any CPU = Release|Any CPU
	EndGlobalSection
	GlobalSection(ProjectConfigurationPlatforms) = postSolution
		{50FC4BE5-BDAD-4763-ADE1-37150BD191AA}.Debug|Any CPU.ActiveCfg = Debug|Any CPU
		{50FC4BE5-BDAD-4763-ADE1-37150BD191AA}.Debug|Any CPU.Build.0 = Debug|Any CPU
		{50FC4BE5-BDAD-4763-ADE1-37150BD191AA}.Release|Any CPU.ActiveCfg = Release|Any CPU
		{50FC4BE5-BDAD-4763-ADE1-37150BD191AA}.Release|Any CPU.Build.0 = Release|Any CPU
	EndGlobalSection
	GlobalSection(SolutionProperties) = preSolution
		HideSolutionNode = FALSE
	EndGlobalSection
	GlobalSection(ExtensibilityGlobals) = postSolution
		SolutionGuid = {48390F41-2E15-4750-8E6E-6A2FFCF6AACB}
	EndGlobalSection
EndGlobal
